// !$*UTF8*$!
{
	archiveVersion = 1;
	classes = {
	};
	objectVersion = 50;
	objects = {

/* Begin PBXBuildFile section */
		37029D44254DD96F0033D073 /* AppDelegate.swift in Sources */ = {isa = PBXBuildFile; fileRef = 37029D43254DD96F0033D073 /* AppDelegate.swift */; };
		37029D48254DD96F0033D073 /* HomeViewController.swift in Sources */ = {isa = PBXBuildFile; fileRef = 37029D47254DD96F0033D073 /* HomeViewController.swift */; };
		37029D4B254DD96F0033D073 /* Home.storyboard in Resources */ = {isa = PBXBuildFile; fileRef = 37029D49254DD96F0033D073 /* Home.storyboard */; };
		37029D4E254DD96F0033D073 /* BruMovies.xcdatamodeld in Sources */ = {isa = PBXBuildFile; fileRef = 37029D4C254DD96F0033D073 /* BruMovies.xcdatamodeld */; };
		37029D50254DD9710033D073 /* Assets.xcassets in Resources */ = {isa = PBXBuildFile; fileRef = 37029D4F254DD9710033D073 /* Assets.xcassets */; };
		37029D53254DD9710033D073 /* LaunchScreen.storyboard in Resources */ = {isa = PBXBuildFile; fileRef = 37029D51254DD9710033D073 /* LaunchScreen.storyboard */; };
		37750330254F524A00988B29 /* Movies.swift in Sources */ = {isa = PBXBuildFile; fileRef = 3775032F254F524A00988B29 /* Movies.swift */; };
		37750332254F606B00988B29 /* Utils.swift in Sources */ = {isa = PBXBuildFile; fileRef = 37750331254F606B00988B29 /* Utils.swift */; };
		37750335254F7A2100988B29 /* NetworkManager.swift in Sources */ = {isa = PBXBuildFile; fileRef = 37750334254F7A2100988B29 /* NetworkManager.swift */; };
		37750337254F84BC00988B29 /* MovieService.swift in Sources */ = {isa = PBXBuildFile; fileRef = 37750336254F84BC00988B29 /* MovieService.swift */; };
		377503392550513700988B29 /* UserDefaultsManager.swift in Sources */ = {isa = PBXBuildFile; fileRef = 377503382550513700988B29 /* UserDefaultsManager.swift */; };
		3775033B25505F3C00988B29 /* FileHandler.swift in Sources */ = {isa = PBXBuildFile; fileRef = 3775033A25505F3C00988B29 /* FileHandler.swift */; };
		37AAE0762550C82E0009B6D5 /* RootTabViewController.swift in Sources */ = {isa = PBXBuildFile; fileRef = 37AAE0752550C82E0009B6D5 /* RootTabViewController.swift */; };
		37AAE0792550D2250009B6D5 /* MovieSearchViewController.swift in Sources */ = {isa = PBXBuildFile; fileRef = 37AAE0782550D2250009B6D5 /* MovieSearchViewController.swift */; };
		37AAE07B2550D4630009B6D5 /* Search.storyboard in Resources */ = {isa = PBXBuildFile; fileRef = 37AAE07A2550D4630009B6D5 /* Search.storyboard */; };
		37D1F38725514EC70071C461 /* MovieListViewModel.swift in Sources */ = {isa = PBXBuildFile; fileRef = 37D1F38625514EC70071C461 /* MovieListViewModel.swift */; };
		37D1F389255151B00071C461 /* BoxBind.swift in Sources */ = {isa = PBXBuildFile; fileRef = 37D1F388255151B00071C461 /* BoxBind.swift */; };
		37D1F38B255154E60071C461 /* MovieViewModel.swift in Sources */ = {isa = PBXBuildFile; fileRef = 37D1F38A255154E60071C461 /* MovieViewModel.swift */; };
		37D1F38F25516AEC0071C461 /* genres.json in Resources */ = {isa = PBXBuildFile; fileRef = 37D1F38E25516AEC0071C461 /* genres.json */; };
		37D1F39225516BD90071C461 /* LineView.swift in Sources */ = {isa = PBXBuildFile; fileRef = 37D1F39125516BD90071C461 /* LineView.swift */; };
		37D1F3942551CCF90071C461 /* BundleExtensions.swift in Sources */ = {isa = PBXBuildFile; fileRef = 37D1F3932551CCF90071C461 /* BundleExtensions.swift */; };
		37D1F3992552FD910071C461 /* LargeTitleCollectionViewCell.swift in Sources */ = {isa = PBXBuildFile; fileRef = 37D1F3972552FD910071C461 /* LargeTitleCollectionViewCell.swift */; };
		37D1F39A2552FD910071C461 /* LargeTitleCollectionViewCell.xib in Resources */ = {isa = PBXBuildFile; fileRef = 37D1F3982552FD910071C461 /* LargeTitleCollectionViewCell.xib */; };
		37D1F39D255307E50071C461 /* ShimmerEffect.swift in Sources */ = {isa = PBXBuildFile; fileRef = 37D1F39C255307E50071C461 /* ShimmerEffect.swift */; };
		E559F5FE38C828278EF789FC /* Pods_BruMovies.framework in Frameworks */ = {isa = PBXBuildFile; fileRef = 2540E2B519C2C875883FE699 /* Pods_BruMovies.framework */; };
/* End PBXBuildFile section */

/* Begin PBXFileReference section */
		237483D16AC215118D11D2BE /* Pods-BruMovies.debug.xcconfig */ = {isa = PBXFileReference; includeInIndex = 1; lastKnownFileType = text.xcconfig; name = "Pods-BruMovies.debug.xcconfig"; path = "Target Support Files/Pods-BruMovies/Pods-BruMovies.debug.xcconfig"; sourceTree = "<group>"; };
		2540E2B519C2C875883FE699 /* Pods_BruMovies.framework */ = {isa = PBXFileReference; explicitFileType = wrapper.framework; includeInIndex = 0; path = Pods_BruMovies.framework; sourceTree = BUILT_PRODUCTS_DIR; };
		37029D40254DD96F0033D073 /* BruMovies.app */ = {isa = PBXFileReference; explicitFileType = wrapper.application; includeInIndex = 0; path = BruMovies.app; sourceTree = BUILT_PRODUCTS_DIR; };
		37029D43254DD96F0033D073 /* AppDelegate.swift */ = {isa = PBXFileReference; lastKnownFileType = sourcecode.swift; path = AppDelegate.swift; sourceTree = "<group>"; };
		37029D47254DD96F0033D073 /* HomeViewController.swift */ = {isa = PBXFileReference; lastKnownFileType = sourcecode.swift; path = HomeViewController.swift; sourceTree = "<group>"; };
		37029D4A254DD96F0033D073 /* Base */ = {isa = PBXFileReference; lastKnownFileType = file.storyboard; name = Base; path = Base.lproj/Home.storyboard; sourceTree = "<group>"; };
		37029D4D254DD96F0033D073 /* BruMovies.xcdatamodel */ = {isa = PBXFileReference; lastKnownFileType = wrapper.xcdatamodel; path = BruMovies.xcdatamodel; sourceTree = "<group>"; };
		37029D4F254DD9710033D073 /* Assets.xcassets */ = {isa = PBXFileReference; lastKnownFileType = folder.assetcatalog; path = Assets.xcassets; sourceTree = "<group>"; };
		37029D52254DD9710033D073 /* Base */ = {isa = PBXFileReference; lastKnownFileType = file.storyboard; name = Base; path = Base.lproj/LaunchScreen.storyboard; sourceTree = "<group>"; };
		37029D54254DD9710033D073 /* Info.plist */ = {isa = PBXFileReference; lastKnownFileType = text.plist.xml; path = Info.plist; sourceTree = "<group>"; };
		3775032F254F524A00988B29 /* Movies.swift */ = {isa = PBXFileReference; lastKnownFileType = sourcecode.swift; path = Movies.swift; sourceTree = "<group>"; };
		37750331254F606B00988B29 /* Utils.swift */ = {isa = PBXFileReference; lastKnownFileType = sourcecode.swift; path = Utils.swift; sourceTree = "<group>"; };
		37750334254F7A2100988B29 /* NetworkManager.swift */ = {isa = PBXFileReference; lastKnownFileType = sourcecode.swift; path = NetworkManager.swift; sourceTree = "<group>"; };
		37750336254F84BC00988B29 /* MovieService.swift */ = {isa = PBXFileReference; lastKnownFileType = sourcecode.swift; path = MovieService.swift; sourceTree = "<group>"; };
		377503382550513700988B29 /* UserDefaultsManager.swift */ = {isa = PBXFileReference; lastKnownFileType = sourcecode.swift; path = UserDefaultsManager.swift; sourceTree = "<group>"; };
		3775033A25505F3C00988B29 /* FileHandler.swift */ = {isa = PBXFileReference; lastKnownFileType = sourcecode.swift; path = FileHandler.swift; sourceTree = "<group>"; };
		37AAE0752550C82E0009B6D5 /* RootTabViewController.swift */ = {isa = PBXFileReference; lastKnownFileType = sourcecode.swift; path = RootTabViewController.swift; sourceTree = "<group>"; };
		37AAE0782550D2250009B6D5 /* MovieSearchViewController.swift */ = {isa = PBXFileReference; lastKnownFileType = sourcecode.swift; path = MovieSearchViewController.swift; sourceTree = "<group>"; };
		37AAE07A2550D4630009B6D5 /* Search.storyboard */ = {isa = PBXFileReference; lastKnownFileType = file.storyboard; path = Search.storyboard; sourceTree = "<group>"; };
		37D1F38625514EC70071C461 /* MovieListViewModel.swift */ = {isa = PBXFileReference; lastKnownFileType = sourcecode.swift; path = MovieListViewModel.swift; sourceTree = "<group>"; };
		37D1F388255151B00071C461 /* BoxBind.swift */ = {isa = PBXFileReference; lastKnownFileType = sourcecode.swift; path = BoxBind.swift; sourceTree = "<group>"; };
		37D1F38A255154E60071C461 /* MovieViewModel.swift */ = {isa = PBXFileReference; lastKnownFileType = sourcecode.swift; path = MovieViewModel.swift; sourceTree = "<group>"; };
		37D1F38E25516AEC0071C461 /* genres.json */ = {isa = PBXFileReference; lastKnownFileType = text.json; path = genres.json; sourceTree = "<group>"; };
		37D1F39125516BD90071C461 /* LineView.swift */ = {isa = PBXFileReference; lastKnownFileType = sourcecode.swift; path = LineView.swift; sourceTree = "<group>"; };
		37D1F3932551CCF90071C461 /* BundleExtensions.swift */ = {isa = PBXFileReference; lastKnownFileType = sourcecode.swift; path = BundleExtensions.swift; sourceTree = "<group>"; };
		37D1F3972552FD910071C461 /* LargeTitleCollectionViewCell.swift */ = {isa = PBXFileReference; lastKnownFileType = sourcecode.swift; path = LargeTitleCollectionViewCell.swift; sourceTree = "<group>"; };
		37D1F3982552FD910071C461 /* LargeTitleCollectionViewCell.xib */ = {isa = PBXFileReference; lastKnownFileType = file.xib; path = LargeTitleCollectionViewCell.xib; sourceTree = "<group>"; };
		37D1F39C255307E50071C461 /* ShimmerEffect.swift */ = {isa = PBXFileReference; lastKnownFileType = sourcecode.swift; path = ShimmerEffect.swift; sourceTree = "<group>"; };
		661F24D929BC174B8685294C /* Pods-BruMovies.release.xcconfig */ = {isa = PBXFileReference; includeInIndex = 1; lastKnownFileType = text.xcconfig; name = "Pods-BruMovies.release.xcconfig"; path = "Target Support Files/Pods-BruMovies/Pods-BruMovies.release.xcconfig"; sourceTree = "<group>"; };
/* End PBXFileReference section */

/* Begin PBXFrameworksBuildPhase section */
		37029D3D254DD96F0033D073 /* Frameworks */ = {
			isa = PBXFrameworksBuildPhase;
			buildActionMask = 2147483647;
			files = (
				E559F5FE38C828278EF789FC /* Pods_BruMovies.framework in Frameworks */,
			);
			runOnlyForDeploymentPostprocessing = 0;
		};
/* End PBXFrameworksBuildPhase section */

/* Begin PBXGroup section */
		37029D37254DD96F0033D073 = {
			isa = PBXGroup;
			children = (
				37029D42254DD96F0033D073 /* BruMovies */,
				37029D41254DD96F0033D073 /* Products */,
				C021FEFA69FEC9CBE61E88FB /* Pods */,
				C2A5B3B4DFF4D109183AC9E5 /* Frameworks */,
			);
			sourceTree = "<group>";
		};
		37029D41254DD96F0033D073 /* Products */ = {
			isa = PBXGroup;
			children = (
				37029D40254DD96F0033D073 /* BruMovies.app */,
			);
			name = Products;
			sourceTree = "<group>";
		};
		37029D42254DD96F0033D073 /* BruMovies */ = {
			isa = PBXGroup;
			children = (
				37D1F39B255307B90071C461 /* Effects&Layers */,
				37029D5A254DDF400033D073 /* Code */,
				37029D5C254DDF7C0033D073 /* Extensions */,
				37029D5F254DF2E80033D073 /* SupportingFiles */,
				37029D5B254DDF4A0033D073 /* Resources */,
			);
			path = BruMovies;
			sourceTree = "<group>";
		};
		37029D5A254DDF400033D073 /* Code */ = {
			isa = PBXGroup;
			children = (
				37D1F39025516BC40071C461 /* Views */,
				3775032E254F521E00988B29 /* Models */,
				37D1F38525514E960071C461 /* ViewModels */,
				37029D5D254DF2AE0033D073 /* Modules */,
				37750333254F7A0C00988B29 /* Services */,
				37D1F388255151B00071C461 /* BoxBind.swift */,
			);
			path = Code;
			sourceTree = "<group>";
		};
		37029D5B254DDF4A0033D073 /* Resources */ = {
			isa = PBXGroup;
			children = (
				37029D51254DD9710033D073 /* LaunchScreen.storyboard */,
				37029D4F254DD9710033D073 /* Assets.xcassets */,
				37D1F38E25516AEC0071C461 /* genres.json */,
			);
			path = Resources;
			sourceTree = "<group>";
		};
		37029D5C254DDF7C0033D073 /* Extensions */ = {
			isa = PBXGroup;
			children = (
				37D1F3932551CCF90071C461 /* BundleExtensions.swift */,
			);
			path = Extensions;
			sourceTree = "<group>";
		};
		37029D5D254DF2AE0033D073 /* Modules */ = {
			isa = PBXGroup;
			children = (
				37029D5E254DF2B60033D073 /* Home */,
				37AAE0772550D0B00009B6D5 /* Search */,
			);
			path = Modules;
			sourceTree = "<group>";
		};
		37029D5E254DF2B60033D073 /* Home */ = {
			isa = PBXGroup;
			children = (
				37D1F3952552FD140071C461 /* Cells */,
				37029D47254DD96F0033D073 /* HomeViewController.swift */,
				37029D49254DD96F0033D073 /* Home.storyboard */,
				37AAE0752550C82E0009B6D5 /* RootTabViewController.swift */,
			);
			path = Home;
			sourceTree = "<group>";
		};
		37029D5F254DF2E80033D073 /* SupportingFiles */ = {
			isa = PBXGroup;
			children = (
				37029D43254DD96F0033D073 /* AppDelegate.swift */,
				37029D54254DD9710033D073 /* Info.plist */,
				37029D4C254DD96F0033D073 /* BruMovies.xcdatamodeld */,
				37750331254F606B00988B29 /* Utils.swift */,
			);
			path = SupportingFiles;
			sourceTree = "<group>";
		};
		3775032E254F521E00988B29 /* Models */ = {
			isa = PBXGroup;
			children = (
				3775032F254F524A00988B29 /* Movies.swift */,
			);
			path = Models;
			sourceTree = "<group>";
		};
		37750333254F7A0C00988B29 /* Services */ = {
			isa = PBXGroup;
			children = (
				37750334254F7A2100988B29 /* NetworkManager.swift */,
				37750336254F84BC00988B29 /* MovieService.swift */,
				377503382550513700988B29 /* UserDefaultsManager.swift */,
				3775033A25505F3C00988B29 /* FileHandler.swift */,
			);
			path = Services;
			sourceTree = "<group>";
		};
		37AAE0772550D0B00009B6D5 /* Search */ = {
			isa = PBXGroup;
			children = (
				37AAE0782550D2250009B6D5 /* MovieSearchViewController.swift */,
				37AAE07A2550D4630009B6D5 /* Search.storyboard */,
			);
			path = Search;
			sourceTree = "<group>";
		};
		37D1F38525514E960071C461 /* ViewModels */ = {
			isa = PBXGroup;
			children = (
				37D1F38A255154E60071C461 /* MovieViewModel.swift */,
				37D1F38625514EC70071C461 /* MovieListViewModel.swift */,
			);
			path = ViewModels;
			sourceTree = "<group>";
		};
		37D1F39025516BC40071C461 /* Views */ = {
			isa = PBXGroup;
			children = (
				37D1F39125516BD90071C461 /* LineView.swift */,
			);
			path = Views;
			sourceTree = "<group>";
		};
		37D1F3952552FD140071C461 /* Cells */ = {
			isa = PBXGroup;
			children = (
				37D1F3962552FD370071C461 /* LargeTitleCollectionViewCell */,
			);
			path = Cells;
			sourceTree = "<group>";
		};
		37D1F3962552FD370071C461 /* LargeTitleCollectionViewCell */ = {
			isa = PBXGroup;
			children = (
				37D1F3972552FD910071C461 /* LargeTitleCollectionViewCell.swift */,
				37D1F3982552FD910071C461 /* LargeTitleCollectionViewCell.xib */,
			);
			path = LargeTitleCollectionViewCell;
			sourceTree = "<group>";
		};
		37D1F39B255307B90071C461 /* Effects&Layers */ = {
			isa = PBXGroup;
			children = (
				37D1F39C255307E50071C461 /* ShimmerEffect.swift */,
			);
			path = "Effects&Layers";
			sourceTree = "<group>";
		};
		C021FEFA69FEC9CBE61E88FB /* Pods */ = {
			isa = PBXGroup;
			children = (
				237483D16AC215118D11D2BE /* Pods-BruMovies.debug.xcconfig */,
				661F24D929BC174B8685294C /* Pods-BruMovies.release.xcconfig */,
			);
			path = Pods;
			sourceTree = "<group>";
		};
		C2A5B3B4DFF4D109183AC9E5 /* Frameworks */ = {
			isa = PBXGroup;
			children = (
				2540E2B519C2C875883FE699 /* Pods_BruMovies.framework */,
			);
			name = Frameworks;
			sourceTree = "<group>";
		};
/* End PBXGroup section */

/* Begin PBXNativeTarget section */
		37029D3F254DD96F0033D073 /* BruMovies */ = {
			isa = PBXNativeTarget;
			buildConfigurationList = 37029D57254DD9710033D073 /* Build configuration list for PBXNativeTarget "BruMovies" */;
			buildPhases = (
				C7142E8F0A2441214C05D678 /* [CP] Check Pods Manifest.lock */,
				37029D3C254DD96F0033D073 /* Sources */,
				37029D3D254DD96F0033D073 /* Frameworks */,
				37029D3E254DD96F0033D073 /* Resources */,
			);
			buildRules = (
			);
			dependencies = (
			);
			name = BruMovies;
			productName = BruMovies;
			productReference = 37029D40254DD96F0033D073 /* BruMovies.app */;
			productType = "com.apple.product-type.application";
		};
/* End PBXNativeTarget section */

/* Begin PBXProject section */
		37029D38254DD96F0033D073 /* Project object */ = {
			isa = PBXProject;
			attributes = {
				LastSwiftUpdateCheck = 1170;
				LastUpgradeCheck = 1170;
				ORGANIZATIONNAME = "Ezequiel Parada";
				TargetAttributes = {
					37029D3F254DD96F0033D073 = {
						CreatedOnToolsVersion = 11.7;
					};
				};
			};
			buildConfigurationList = 37029D3B254DD96F0033D073 /* Build configuration list for PBXProject "BruMovies" */;
			compatibilityVersion = "Xcode 9.3";
			developmentRegion = en;
			hasScannedForEncodings = 0;
			knownRegions = (
				en,
				Base,
			);
			mainGroup = 37029D37254DD96F0033D073;
			productRefGroup = 37029D41254DD96F0033D073 /* Products */;
			projectDirPath = "";
			projectRoot = "";
			targets = (
				37029D3F254DD96F0033D073 /* BruMovies */,
			);
		};
/* End PBXProject section */

/* Begin PBXResourcesBuildPhase section */
		37029D3E254DD96F0033D073 /* Resources */ = {
			isa = PBXResourcesBuildPhase;
			buildActionMask = 2147483647;
			files = (
				37029D53254DD9710033D073 /* LaunchScreen.storyboard in Resources */,
				37029D50254DD9710033D073 /* Assets.xcassets in Resources */,
				37D1F39A2552FD910071C461 /* LargeTitleCollectionViewCell.xib in Resources */,
				37D1F38F25516AEC0071C461 /* genres.json in Resources */,
				37AAE07B2550D4630009B6D5 /* Search.storyboard in Resources */,
				37029D4B254DD96F0033D073 /* Home.storyboard in Resources */,
			);
			runOnlyForDeploymentPostprocessing = 0;
		};
/* End PBXResourcesBuildPhase section */

/* Begin PBXShellScriptBuildPhase section */
		C7142E8F0A2441214C05D678 /* [CP] Check Pods Manifest.lock */ = {
			isa = PBXShellScriptBuildPhase;
			buildActionMask = 2147483647;
			files = (
			);
			inputFileListPaths = (
			);
			inputPaths = (
				"${PODS_PODFILE_DIR_PATH}/Podfile.lock",
				"${PODS_ROOT}/Manifest.lock",
			);
			name = "[CP] Check Pods Manifest.lock";
			outputFileListPaths = (
			);
			outputPaths = (
				"$(DERIVED_FILE_DIR)/Pods-BruMovies-checkManifestLockResult.txt",
			);
			runOnlyForDeploymentPostprocessing = 0;
			shellPath = /bin/sh;
			shellScript = "diff \"${PODS_PODFILE_DIR_PATH}/Podfile.lock\" \"${PODS_ROOT}/Manifest.lock\" > /dev/null\nif [ $? != 0 ] ; then\n    # print error to STDERR\n    echo \"error: The sandbox is not in sync with the Podfile.lock. Run 'pod install' or update your CocoaPods installation.\" >&2\n    exit 1\nfi\n# This output is used by Xcode 'outputs' to avoid re-running this script phase.\necho \"SUCCESS\" > \"${SCRIPT_OUTPUT_FILE_0}\"\n";
			showEnvVarsInLog = 0;
		};
/* End PBXShellScriptBuildPhase section */

/* Begin PBXSourcesBuildPhase section */
		37029D3C254DD96F0033D073 /* Sources */ = {
			isa = PBXSourcesBuildPhase;
			buildActionMask = 2147483647;
			files = (
				37750335254F7A2100988B29 /* NetworkManager.swift in Sources */,
				37AAE0762550C82E0009B6D5 /* RootTabViewController.swift in Sources */,
				37750332254F606B00988B29 /* Utils.swift in Sources */,
				37AAE0792550D2250009B6D5 /* MovieSearchViewController.swift in Sources */,
				37D1F389255151B00071C461 /* BoxBind.swift in Sources */,
				37D1F38B255154E60071C461 /* MovieViewModel.swift in Sources */,
				37029D48254DD96F0033D073 /* HomeViewController.swift in Sources */,
				37D1F3992552FD910071C461 /* LargeTitleCollectionViewCell.swift in Sources */,
				37029D44254DD96F0033D073 /* AppDelegate.swift in Sources */,
				37D1F39225516BD90071C461 /* LineView.swift in Sources */,
				37750330254F524A00988B29 /* Movies.swift in Sources */,
				37029D4E254DD96F0033D073 /* BruMovies.xcdatamodeld in Sources */,
				37D1F3942551CCF90071C461 /* BundleExtensions.swift in Sources */,
				3775033B25505F3C00988B29 /* FileHandler.swift in Sources */,
				377503392550513700988B29 /* UserDefaultsManager.swift in Sources */,
				37750337254F84BC00988B29 /* MovieService.swift in Sources */,
				37D1F39D255307E50071C461 /* ShimmerEffect.swift in Sources */,
				37D1F38725514EC70071C461 /* MovieListViewModel.swift in Sources */,
			);
			runOnlyForDeploymentPostprocessing = 0;
		};
/* End PBXSourcesBuildPhase section */

/* Begin PBXVariantGroup section */
		37029D49254DD96F0033D073 /* Home.storyboard */ = {
			isa = PBXVariantGroup;
			children = (
				37029D4A254DD96F0033D073 /* Base */,
			);
			name = Home.storyboard;
			sourceTree = "<group>";
		};
		37029D51254DD9710033D073 /* LaunchScreen.storyboard */ = {
			isa = PBXVariantGroup;
			children = (
				37029D52254DD9710033D073 /* Base */,
			);
			name = LaunchScreen.storyboard;
			sourceTree = "<group>";
		};
/* End PBXVariantGroup section */

/* Begin XCBuildConfiguration section */
		37029D55254DD9710033D073 /* Debug */ = {
			isa = XCBuildConfiguration;
			buildSettings = {
				ALWAYS_SEARCH_USER_PATHS = NO;
				CLANG_ANALYZER_NONNULL = YES;
				CLANG_ANALYZER_NUMBER_OBJECT_CONVERSION = YES_AGGRESSIVE;
				CLANG_CXX_LANGUAGE_STANDARD = "gnu++14";
				CLANG_CXX_LIBRARY = "libc++";
				CLANG_ENABLE_MODULES = YES;
				CLANG_ENABLE_OBJC_ARC = YES;
				CLANG_ENABLE_OBJC_WEAK = YES;
				CLANG_WARN_BLOCK_CAPTURE_AUTORELEASING = YES;
				CLANG_WARN_BOOL_CONVERSION = YES;
				CLANG_WARN_COMMA = YES;
				CLANG_WARN_CONSTANT_CONVERSION = YES;
				CLANG_WARN_DEPRECATED_OBJC_IMPLEMENTATIONS = YES;
				CLANG_WARN_DIRECT_OBJC_ISA_USAGE = YES_ERROR;
				CLANG_WARN_DOCUMENTATION_COMMENTS = YES;
				CLANG_WARN_EMPTY_BODY = YES;
				CLANG_WARN_ENUM_CONVERSION = YES;
				CLANG_WARN_INFINITE_RECURSION = YES;
				CLANG_WARN_INT_CONVERSION = YES;
				CLANG_WARN_NON_LITERAL_NULL_CONVERSION = YES;
				CLANG_WARN_OBJC_IMPLICIT_RETAIN_SELF = YES;
				CLANG_WARN_OBJC_LITERAL_CONVERSION = YES;
				CLANG_WARN_OBJC_ROOT_CLASS = YES_ERROR;
				CLANG_WARN_RANGE_LOOP_ANALYSIS = YES;
				CLANG_WARN_STRICT_PROTOTYPES = YES;
				CLANG_WARN_SUSPICIOUS_MOVE = YES;
				CLANG_WARN_UNGUARDED_AVAILABILITY = YES_AGGRESSIVE;
				CLANG_WARN_UNREACHABLE_CODE = YES;
				CLANG_WARN__DUPLICATE_METHOD_MATCH = YES;
				COPY_PHASE_STRIP = NO;
				DEBUG_INFORMATION_FORMAT = dwarf;
				ENABLE_STRICT_OBJC_MSGSEND = YES;
				ENABLE_TESTABILITY = YES;
				GCC_C_LANGUAGE_STANDARD = gnu11;
				GCC_DYNAMIC_NO_PIC = NO;
				GCC_NO_COMMON_BLOCKS = YES;
				GCC_OPTIMIZATION_LEVEL = 0;
				GCC_PREPROCESSOR_DEFINITIONS = (
					"DEBUG=1",
					"$(inherited)",
				);
				GCC_WARN_64_TO_32_BIT_CONVERSION = YES;
				GCC_WARN_ABOUT_RETURN_TYPE = YES_ERROR;
				GCC_WARN_UNDECLARED_SELECTOR = YES;
				GCC_WARN_UNINITIALIZED_AUTOS = YES_AGGRESSIVE;
				GCC_WARN_UNUSED_FUNCTION = YES;
				GCC_WARN_UNUSED_VARIABLE = YES;
				IPHONEOS_DEPLOYMENT_TARGET = 13.7;
				MTL_ENABLE_DEBUG_INFO = INCLUDE_SOURCE;
				MTL_FAST_MATH = YES;
				ONLY_ACTIVE_ARCH = YES;
				SDKROOT = iphoneos;
				SWIFT_ACTIVE_COMPILATION_CONDITIONS = DEBUG;
				SWIFT_OPTIMIZATION_LEVEL = "-Onone";
			};
			name = Debug;
		};
		37029D56254DD9710033D073 /* Release */ = {
			isa = XCBuildConfiguration;
			buildSettings = {
				ALWAYS_SEARCH_USER_PATHS = NO;
				CLANG_ANALYZER_NONNULL = YES;
				CLANG_ANALYZER_NUMBER_OBJECT_CONVERSION = YES_AGGRESSIVE;
				CLANG_CXX_LANGUAGE_STANDARD = "gnu++14";
				CLANG_CXX_LIBRARY = "libc++";
				CLANG_ENABLE_MODULES = YES;
				CLANG_ENABLE_OBJC_ARC = YES;
				CLANG_ENABLE_OBJC_WEAK = YES;
				CLANG_WARN_BLOCK_CAPTURE_AUTORELEASING = YES;
				CLANG_WARN_BOOL_CONVERSION = YES;
				CLANG_WARN_COMMA = YES;
				CLANG_WARN_CONSTANT_CONVERSION = YES;
				CLANG_WARN_DEPRECATED_OBJC_IMPLEMENTATIONS = YES;
				CLANG_WARN_DIRECT_OBJC_ISA_USAGE = YES_ERROR;
				CLANG_WARN_DOCUMENTATION_COMMENTS = YES;
				CLANG_WARN_EMPTY_BODY = YES;
				CLANG_WARN_ENUM_CONVERSION = YES;
				CLANG_WARN_INFINITE_RECURSION = YES;
				CLANG_WARN_INT_CONVERSION = YES;
				CLANG_WARN_NON_LITERAL_NULL_CONVERSION = YES;
				CLANG_WARN_OBJC_IMPLICIT_RETAIN_SELF = YES;
				CLANG_WARN_OBJC_LITERAL_CONVERSION = YES;
				CLANG_WARN_OBJC_ROOT_CLASS = YES_ERROR;
				CLANG_WARN_RANGE_LOOP_ANALYSIS = YES;
				CLANG_WARN_STRICT_PROTOTYPES = YES;
				CLANG_WARN_SUSPICIOUS_MOVE = YES;
				CLANG_WARN_UNGUARDED_AVAILABILITY = YES_AGGRESSIVE;
				CLANG_WARN_UNREACHABLE_CODE = YES;
				CLANG_WARN__DUPLICATE_METHOD_MATCH = YES;
				COPY_PHASE_STRIP = NO;
				DEBUG_INFORMATION_FORMAT = "dwarf-with-dsym";
				ENABLE_NS_ASSERTIONS = NO;
				ENABLE_STRICT_OBJC_MSGSEND = YES;
				GCC_C_LANGUAGE_STANDARD = gnu11;
				GCC_NO_COMMON_BLOCKS = YES;
				GCC_WARN_64_TO_32_BIT_CONVERSION = YES;
				GCC_WARN_ABOUT_RETURN_TYPE = YES_ERROR;
				GCC_WARN_UNDECLARED_SELECTOR = YES;
				GCC_WARN_UNINITIALIZED_AUTOS = YES_AGGRESSIVE;
				GCC_WARN_UNUSED_FUNCTION = YES;
				GCC_WARN_UNUSED_VARIABLE = YES;
				IPHONEOS_DEPLOYMENT_TARGET = 13.7;
				MTL_ENABLE_DEBUG_INFO = NO;
				MTL_FAST_MATH = YES;
				SDKROOT = iphoneos;
				SWIFT_COMPILATION_MODE = wholemodule;
				SWIFT_OPTIMIZATION_LEVEL = "-O";
				VALIDATE_PRODUCT = YES;
			};
			name = Release;
		};
		37029D58254DD9710033D073 /* Debug */ = {
			isa = XCBuildConfiguration;
			baseConfigurationReference = 237483D16AC215118D11D2BE /* Pods-BruMovies.debug.xcconfig */;
			buildSettings = {
				ASSETCATALOG_COMPILER_APPICON_NAME = AppIcon;
				CODE_SIGN_STYLE = Automatic;
				DEVELOPMENT_TEAM = 8PF4PD98CF;
				INFOPLIST_FILE = BruMovies/SupportingFiles/Info.plist;
				LD_RUNPATH_SEARCH_PATHS = (
					"$(inherited)",
					"@executable_path/Frameworks",
				);
				PRODUCT_BUNDLE_IDENTIFIER = com.paradabeltran.BruMovies;
				PRODUCT_NAME = "$(TARGET_NAME)";
				SWIFT_VERSION = 5.0;
				TARGETED_DEVICE_FAMILY = "1,2";
			};
			name = Debug;
		};
		37029D59254DD9710033D073 /* Release */ = {
			isa = XCBuildConfiguration;
			baseConfigurationReference = 661F24D929BC174B8685294C /* Pods-BruMovies.release.xcconfig */;
			buildSettings = {
				ASSETCATALOG_COMPILER_APPICON_NAME = AppIcon;
				CODE_SIGN_STYLE = Automatic;
				DEVELOPMENT_TEAM = 8PF4PD98CF;
				INFOPLIST_FILE = BruMovies/SupportingFiles/Info.plist;
				LD_RUNPATH_SEARCH_PATHS = (
					"$(inherited)",
					"@executable_path/Frameworks",
				);
				PRODUCT_BUNDLE_IDENTIFIER = com.paradabeltran.BruMovies;
				PRODUCT_NAME = "$(TARGET_NAME)";
				SWIFT_VERSION = 5.0;
				TARGETED_DEVICE_FAMILY = "1,2";
			};
			name = Release;
		};
/* End XCBuildConfiguration section */

/* Begin XCConfigurationList section */
		37029D3B254DD96F0033D073 /* Build configuration list for PBXProject "BruMovies" */ = {
			isa = XCConfigurationList;
			buildConfigurations = (
				37029D55254DD9710033D073 /* Debug */,
				37029D56254DD9710033D073 /* Release */,
			);
			defaultConfigurationIsVisible = 0;
			defaultConfigurationName = Release;
		};
		37029D57254DD9710033D073 /* Build configuration list for PBXNativeTarget "BruMovies" */ = {
			isa = XCConfigurationList;
			buildConfigurations = (
				37029D58254DD9710033D073 /* Debug */,
				37029D59254DD9710033D073 /* Release */,
			);
			defaultConfigurationIsVisible = 0;
			defaultConfigurationName = Release;
		};
/* End XCConfigurationList section */

/* Begin XCVersionGroup section */
		37029D4C254DD96F0033D073 /* BruMovies.xcdatamodeld */ = {
			isa = XCVersionGroup;
			children = (
				37029D4D254DD96F0033D073 /* BruMovies.xcdatamodel */,
			);
			currentVersion = 37029D4D254DD96F0033D073 /* BruMovies.xcdatamodel */;
			path = BruMovies.xcdatamodeld;
			sourceTree = "<group>";
			versionGroupType = wrapper.xcdatamodel;
		};
/* End XCVersionGroup section */
	};
	rootObject = 37029D38254DD96F0033D073 /* Project object */;
}
